
Microsoft Visual Studio Solution File, Format Version 12.00
# Visual Studio Version 16
VisualStudioVersion = 16.0.30114.105
MinimumVisualStudioVersion = 10.0.40219.1
Project("{2150E333-8FDC-42A3-9474-1A3956D46DE8}") = "src", "src", "{24028733-8564-45FD-A2A3-DB71A288E7BF}"
EndProject
Project("{FAE04EC0-301F-11D3-BF4B-00C04F79EFBC}") = "BetterNews.ApplicationCore", "src\BetterNews.ApplicationCore\BetterNews.ApplicationCore.csproj", "{0FFA4B7A-5C2C-4FC1-88FD-8B9E9D8EE8C8}"
EndProject
Project("{FAE04EC0-301F-11D3-BF4B-00C04F79EFBC}") = "BetterNews.Infrastructure", "src\BetterNews.Infrastructure\BetterNews.Infrastructure.csproj", "{C55AFBA5-4213-4F8E-A188-9D8D5BC071BF}"
EndProject
Project("{FAE04EC0-301F-11D3-BF4B-00C04F79EFBC}") = "BetterNews.Web", "src\BetterNews.Web\BetterNews.Web.csproj", "{26484ECF-31AC-46E5-A8F1-21FF66D8E569}"
EndProject
Project("{FAE04EC0-301F-11D3-BF4B-00C04F79EFBC}") = "BetterNews.Services", "src\BetterNews.Services\BetterNews.Services.csproj", "{76F3E48C-84A4-44A9-B08D-ACC95B9C0CC3}"
EndProject
Global
	GlobalSection(SolutionConfigurationPlatforms) = preSolution
		Debug|Any CPU = Debug|Any CPU
		Release|Any CPU = Release|Any CPU
	EndGlobalSection
	GlobalSection(SolutionProperties) = preSolution
		HideSolutionNode = FALSE
	EndGlobalSection
	GlobalSection(ProjectConfigurationPlatforms) = postSolution
		{0FFA4B7A-5C2C-4FC1-88FD-8B9E9D8EE8C8}.Debug|Any CPU.ActiveCfg = Debug|Any CPU
		{0FFA4B7A-5C2C-4FC1-88FD-8B9E9D8EE8C8}.Debug|Any CPU.Build.0 = Debug|Any CPU
		{0FFA4B7A-5C2C-4FC1-88FD-8B9E9D8EE8C8}.Release|Any CPU.ActiveCfg = Release|Any CPU
		{0FFA4B7A-5C2C-4FC1-88FD-8B9E9D8EE8C8}.Release|Any CPU.Build.0 = Release|Any CPU
		{C55AFBA5-4213-4F8E-A188-9D8D5BC071BF}.Debug|Any CPU.ActiveCfg = Debug|Any CPU
		{C55AFBA5-4213-4F8E-A188-9D8D5BC071BF}.Debug|Any CPU.Build.0 = Debug|Any CPU
		{C55AFBA5-4213-4F8E-A188-9D8D5BC071BF}.Release|Any CPU.ActiveCfg = Release|Any CPU
		{C55AFBA5-4213-4F8E-A188-9D8D5BC071BF}.Release|Any CPU.Build.0 = Release|Any CPU
		{26484ECF-31AC-46E5-A8F1-21FF66D8E569}.Debug|Any CPU.ActiveCfg = Debug|Any CPU
		{26484ECF-31AC-46E5-A8F1-21FF66D8E569}.Debug|Any CPU.Build.0 = Debug|Any CPU
		{26484ECF-31AC-46E5-A8F1-21FF66D8E569}.Release|Any CPU.ActiveCfg = Release|Any CPU
		{26484ECF-31AC-46E5-A8F1-21FF66D8E569}.Release|Any CPU.Build.0 = Release|Any CPU
		{76F3E48C-84A4-44A9-B08D-ACC95B9C0CC3}.Debug|Any CPU.ActiveCfg = Debug|Any CPU
		{76F3E48C-84A4-44A9-B08D-ACC95B9C0CC3}.Debug|Any CPU.Build.0 = Debug|Any CPU
		{76F3E48C-84A4-44A9-B08D-ACC95B9C0CC3}.Release|Any CPU.ActiveCfg = Release|Any CPU
		{76F3E48C-84A4-44A9-B08D-ACC95B9C0CC3}.Release|Any CPU.Build.0 = Release|Any CPU
	EndGlobalSection
	GlobalSection(NestedProjects) = preSolution
		{0FFA4B7A-5C2C-4FC1-88FD-8B9E9D8EE8C8} = {24028733-8564-45FD-A2A3-DB71A288E7BF}
		{C55AFBA5-4213-4F8E-A188-9D8D5BC071BF} = {24028733-8564-45FD-A2A3-DB71A288E7BF}
		{26484ECF-31AC-46E5-A8F1-21FF66D8E569} = {24028733-8564-45FD-A2A3-DB71A288E7BF}
		{76F3E48C-84A4-44A9-B08D-ACC95B9C0CC3} = {24028733-8564-45FD-A2A3-DB71A288E7BF}
	EndGlobalSection
EndGlobal
